
Microsoft Visual Studio Solution File, Format Version 12.00
# Visual Studio 2012
Project("{FAE04EC0-301F-11D3-BF4B-00C04F79EFBC}") = "LFT_Sim", "WinLFT_Test\LFT_Sim.csproj", "{4F86B7F2-A313-4CB9-9513-FC12433E80A3}"
EndProject
Project("{FAE04EC0-301F-11D3-BF4B-00C04F79EFBC}") = "PLC", "PLC\PLC.csproj", "{07F1269E-B9E1-4E2B-93E1-5FE42E41A8F8}"
EndProject
Global
	GlobalSection(SolutionConfigurationPlatforms) = preSolution
		Debug|Any CPU = Debug|Any CPU
		Release|Any CPU = Release|Any CPU
	EndGlobalSection
	GlobalSection(ProjectConfigurationPlatforms) = postSolution
		{4F86B7F2-A313-4CB9-9513-FC12433E80A3}.Debug|Any CPU.ActiveCfg = Debug|Any CPU
		{4F86B7F2-A313-4CB9-9513-FC12433E80A3}.Debug|Any CPU.Build.0 = Debug|Any CPU
		{4F86B7F2-A313-4CB9-9513-FC12433E80A3}.Release|Any CPU.ActiveCfg = Release|Any CPU
		{4F86B7F2-A313-4CB9-9513-FC12433E80A3}.Release|Any CPU.Build.0 = Release|Any CPU
		{07F1269E-B9E1-4E2B-93E1-5FE42E41A8F8}.Debug|Any CPU.ActiveCfg = Debug|Any CPU
		{07F1269E-B9E1-4E2B-93E1-5FE42E41A8F8}.Debug|Any CPU.Build.0 = Debug|Any CPU
		{07F1269E-B9E1-4E2B-93E1-5FE42E41A8F8}.Release|Any CPU.ActiveCfg = Release|Any CPU
		{07F1269E-B9E1-4E2B-93E1-5FE42E41A8F8}.Release|Any CPU.Build.0 = Release|Any CPU
	EndGlobalSection
	GlobalSection(SolutionProperties) = preSolution
		HideSolutionNode = FALSE
	EndGlobalSection
EndGlobal
